// !$*UTF8*$!
{
	archiveVersion = 1;
	classes = {
	};
	objectVersion = 46;
	objects = {

/* Begin PBXBuildFile section */
		F886D6D11EDB0D41000E56C5 /* main.cpp in Sources */ = {isa = PBXBuildFile; fileRef = F886D6D01EDB0D41000E56C5 /* main.cpp */; };
		F886D6D91EDB1028000E56C5 /* Graph.cpp in Sources */ = {isa = PBXBuildFile; fileRef = F886D6D71EDB1028000E56C5 /* Graph.cpp */; };
/* End PBXBuildFile section */

/* Begin PBXCopyFilesBuildPhase section */
		F886D6CB1EDB0D41000E56C5 /* CopyFiles */ = {
			isa = PBXCopyFilesBuildPhase;
			buildActionMask = 2147483647;
			dstPath = /usr/share/man/man1/;
			dstSubfolderSpec = 0;
			files = (
			);
			runOnlyForDeploymentPostprocessing = 1;
		};
/* End PBXCopyFilesBuildPhase section */

/* Begin PBXFileReference section */
		F886D6CD1EDB0D41000E56C5 /* alg_graf_5 */ = {isa = PBXFileReference; explicitFileType = "compiled.mach-o.executable"; includeInIndex = 0; path = alg_graf_5; sourceTree = BUILT_PRODUCTS_DIR; };
		F886D6D01EDB0D41000E56C5 /* main.cpp */ = {isa = PBXFileReference; lastKnownFileType = sourcecode.cpp.cpp; path = main.cpp; sourceTree = "<group>"; };
		F886D6D71EDB1028000E56C5 /* Graph.cpp */ = {isa = PBXFileReference; fileEncoding = 4; lastKnownFileType = sourcecode.cpp.cpp; path = Graph.cpp; sourceTree = "<group>"; };
		F886D6D81EDB1028000E56C5 /* Graph.hpp */ = {isa = PBXFileReference; fileEncoding = 4; lastKnownFileType = sourcecode.cpp.h; path = Graph.hpp; sourceTree = "<group>"; };
		F886D6DA1EDB1568000E56C5 /* graph.txt */ = {isa = PBXFileReference; lastKnownFileType = text; name = graph.txt; path = DerivedData/alg_graf_5/Build/Products/Debug/graph.txt; sourceTree = "<group>"; };
/* End PBXFileReference section */

/* Begin PBXFrameworksBuildPhase section */
		F886D6CA1EDB0D41000E56C5 /* Frameworks */ = {
			isa = PBXFrameworksBuildPhase;
			buildActionMask = 2147483647;
			files = (
			);
			runOnlyForDeploymentPostprocessing = 0;
		};
/* End PBXFrameworksBuildPhase section */

/* Begin PBXGroup section */
		F886D6C41EDB0D41000E56C5 = {
			isa = PBXGroup;
			children = (
				F886D6CF1EDB0D41000E56C5 /* alg_graf_5 */,
				F886D6CE1EDB0D41000E56C5 /* Products */,
				F886D6DA1EDB1568000E56C5 /* graph.txt */,
			);
			sourceTree = "<group>";
		};
		F886D6CE1EDB0D41000E56C5 /* Products */ = {
			isa = PBXGroup;
			children = (
				F886D6CD1EDB0D41000E56C5 /* alg_graf_5 */,
			);
			name = Products;
			sourceTree = "<group>";
		};
		F886D6CF1EDB0D41000E56C5 /* alg_graf_5 */ = {
			isa = PBXGroup;
			children = (
				F886D6D01EDB0D41000E56C5 /* main.cpp */,
				F886D6D71EDB1028000E56C5 /* Graph.cpp */,
				F886D6D81EDB1028000E56C5 /* Graph.hpp */,
			);
			path = alg_graf_5;
			sourceTree = "<group>";
		};
/* End PBXGroup section */

/* Begin PBXNativeTarget section */
		F886D6CC1EDB0D41000E56C5 /* alg_graf_5 */ = {
			isa = PBXNativeTarget;
			buildConfigurationList = F886D6D41EDB0D41000E56C5 /* Build configuration list for PBXNativeTarget "alg_graf_5" */;
			buildPhases = (
				F886D6C91EDB0D41000E56C5 /* Sources */,
				F886D6CA1EDB0D41000E56C5 /* Frameworks */,
				F886D6CB1EDB0D41000E56C5 /* CopyFiles */,
			);
			buildRules = (
			);
			dependencies = (
			);
			name = alg_graf_5;
			productName = alg_graf_5;
			productReference = F886D6CD1EDB0D41000E56C5 /* alg_graf_5 */;
			productType = "com.apple.product-type.tool";
		};
/* End PBXNativeTarget section */

/* Begin PBXProject section */
		F886D6C51EDB0D41000E56C5 /* Project object */ = {
			isa = PBXProject;
			attributes = {
				LastUpgradeCheck = 0830;
				ORGANIZATIONNAME = "Georgescu Stefan";
				TargetAttributes = {
					F886D6CC1EDB0D41000E56C5 = {
						CreatedOnToolsVersion = 8.3.2;
						ProvisioningStyle = Automatic;
					};
				};
			};
			buildConfigurationList = F886D6C81EDB0D41000E56C5 /* Build configuration list for PBXProject "alg_graf_5" */;
			compatibilityVersion = "Xcode 3.2";
			developmentRegion = English;
			hasScannedForEncodings = 0;
			knownRegions = (
				en,
			);
			mainGroup = F886D6C41EDB0D41000E56C5;
			productRefGroup = F886D6CE1EDB0D41000E56C5 /* Products */;
			projectDirPath = "";
			projectRoot = "";
			targets = (
				F886D6CC1EDB0D41000E56C5 /* alg_graf_5 */,
			);
		};
/* End PBXProject section */

/* Begin PBXSourcesBuildPhase section */
		F886D6C91EDB0D41000E56C5 /* Sources */ = {
			isa = PBXSourcesBuildPhase;
			buildActionMask = 2147483647;
			files = (
				F886D6D91EDB1028000E56C5 /* Graph.cpp in Sources */,
				F886D6D11EDB0D41000E56C5 /* main.cpp in Sources */,
			);
			runOnlyForDeploymentPostprocessing = 0;
		};
/* End PBXSourcesBuildPhase section */

/* Begin XCBuildConfiguration section */
		F886D6D21EDB0D41000E56C5 /* Debug */ = {
			isa = XCBuildConfiguration;
			buildSettings = {
				ALWAYS_SEARCH_USER_PATHS = NO;
				CLANG_ANALYZER_NONNULL = YES;
				CLANG_ANALYZER_NUMBER_OBJECT_CONVERSION = YES_AGGRESSIVE;
				CLANG_CXX_LANGUAGE_STANDARD = "gnu++0x";
				CLANG_CXX_LIBRARY = "libc++";
				CLANG_ENABLE_MODULES = YES;
				CLANG_ENABLE_OBJC_ARC = YES;
				CLANG_WARN_BOOL_CONVERSION = YES;
				CLANG_WARN_CONSTANT_CONVERSION = YES;
				CLANG_WARN_DIRECT_OBJC_ISA_USAGE = YES_ERROR;
				CLANG_WARN_DOCUMENTATION_COMMENTS = YES;
				CLANG_WARN_EMPTY_BODY = YES;
				CLANG_WARN_ENUM_CONVERSION = YES;
				CLANG_WARN_INFINITE_RECURSION = YES;
				CLANG_WARN_INT_CONVERSION = YES;
				CLANG_WARN_OBJC_ROOT_CLASS = YES_ERROR;
				CLANG_WARN_SUSPICIOUS_MOVE = YES;
				CLANG_WARN_UNREACHABLE_CODE = YES;
				CLANG_WARN__DUPLICATE_METHOD_MATCH = YES;
				CODE_SIGN_IDENTITY = "-";
				COPY_PHASE_STRIP = NO;
				DEBUG_INFORMATION_FORMAT = dwarf;
				ENABLE_STRICT_OBJC_MSGSEND = YES;
				ENABLE_TESTABILITY = YES;
				GCC_C_LANGUAGE_STANDARD = gnu99;
				GCC_DYNAMIC_NO_PIC = NO;
				GCC_NO_COMMON_BLOCKS = YES;
				GCC_OPTIMIZATION_LEVEL = 0;
				GCC_PREPROCESSOR_DEFINITIONS = (
					"DEBUG=1",
					"$(inherited)",
				);
				GCC_WARN_64_TO_32_BIT_CONVERSION = YES;
				GCC_WARN_ABOUT_RETURN_TYPE = YES_ERROR;
				GCC_WARN_UNDECLARED_SELECTOR = YES;
				GCC_WARN_UNINITIALIZED_AUTOS = YES_AGGRESSIVE;
				GCC_WARN_UNUSED_FUNCTION = YES;
				GCC_WARN_UNUSED_VARIABLE = YES;
				MACOSX_DEPLOYMENT_TARGET = 10.12;
				MTL_ENABLE_DEBUG_INFO = YES;
				ONLY_ACTIVE_ARCH = YES;
				SDKROOT = macosx;
			};
			name = Debug;
		};
		F886D6D31EDB0D41000E56C5 /* Release */ = {
			isa = XCBuildConfiguration;
			buildSettings = {
				ALWAYS_SEARCH_USER_PATHS = NO;
				CLANG_ANALYZER_NONNULL = YES;
				CLANG_ANALYZER_NUMBER_OBJECT_CONVERSION = YES_AGGRESSIVE;
				CLANG_CXX_LANGUAGE_STANDARD = "gnu++0x";
				CLANG_CXX_LIBRARY = "libc++";
				CLANG_ENABLE_MODULES = YES;
				CLANG_ENABLE_OBJC_ARC = YES;
				CLANG_WARN_BOOL_CONVERSION = YES;
				CLANG_WARN_CONSTANT_CONVERSION = YES;
				CLANG_WARN_DIRECT_OBJC_ISA_USAGE = YES_ERROR;
				CLANG_WARN_DOCUMENTATION_COMMENTS = YES;
				CLANG_WARN_EMPTY_BODY = YES;
				CLANG_WARN_ENUM_CONVERSION = YES;
				CLANG_WARN_INFINITE_RECURSION = YES;
				CLANG_WARN_INT_CONVERSION = YES;
				CLANG_WARN_OBJC_ROOT_CLASS = YES_ERROR;
				CLANG_WARN_SUSPICIOUS_MOVE = YES;
				CLANG_WARN_UNREACHABLE_CODE = YES;
				CLANG_WARN__DUPLICATE_METHOD_MATCH = YES;
				CODE_SIGN_IDENTITY = "-";
				COPY_PHASE_STRIP = NO;
				DEBUG_INFORMATION_FORMAT = "dwarf-with-dsym";
				ENABLE_NS_ASSERTIONS = NO;
				ENABLE_STRICT_OBJC_MSGSEND = YES;
				GCC_C_LANGUAGE_STANDARD = gnu99;
				GCC_NO_COMMON_BLOCKS = YES;
				GCC_WARN_64_TO_32_BIT_CONVERSION = YES;
				GCC_WARN_ABOUT_RETURN_TYPE = YES_ERROR;
				GCC_WARN_UNDECLARED_SELECTOR = YES;
				GCC_WARN_UNINITIALIZED_AUTOS = YES_AGGRESSIVE;
				GCC_WARN_UNUSED_FUNCTION = YES;
				GCC_WARN_UNUSED_VARIABLE = YES;
				MACOSX_DEPLOYMENT_TARGET = 10.12;
				MTL_ENABLE_DEBUG_INFO = NO;
				SDKROOT = macosx;
			};
			name = Release;
		};
		F886D6D51EDB0D41000E56C5 /* Debug */ = {
			isa = XCBuildConfiguration;
			buildSettings = {
				PRODUCT_NAME = "$(TARGET_NAME)";
			};
			name = Debug;
		};
		F886D6D61EDB0D41000E56C5 /* Release */ = {
			isa = XCBuildConfiguration;
			buildSettings = {
				PRODUCT_NAME = "$(TARGET_NAME)";
			};
			name = Release;
		};
/* End XCBuildConfiguration section */

/* Begin XCConfigurationList section */
		F886D6C81EDB0D41000E56C5 /* Build configuration list for PBXProject "alg_graf_5" */ = {
			isa = XCConfigurationList;
			buildConfigurations = (
				F886D6D21EDB0D41000E56C5 /* Debug */,
				F886D6D31EDB0D41000E56C5 /* Release */,
			);
			defaultConfigurationIsVisible = 0;
			defaultConfigurationName = Release;
		};
		F886D6D41EDB0D41000E56C5 /* Build configuration list for PBXNativeTarget "alg_graf_5" */ = {
			isa = XCConfigurationList;
			buildConfigurations = (
				F886D6D51EDB0D41000E56C5 /* Debug */,
				F886D6D61EDB0D41000E56C5 /* Release */,
			);
			defaultConfigurationIsVisible = 0;
		};
/* End XCConfigurationList section */
	};
	rootObject = F886D6C51EDB0D41000E56C5 /* Project object */;
}
