
Microsoft Visual Studio Solution File, Format Version 12.00
# Visual Studio 2012
Project("{FAE04EC0-301F-11D3-BF4B-00C04F79EFBC}") = "Test3Prep", "Test3Prep\Test3Prep.csproj", "{0EEDB6D5-B3F5-41B7-A3A1-019BA1AA5E44}"
EndProject
Global
	GlobalSection(SolutionConfigurationPlatforms) = preSolution
		Debug|Any CPU = Debug|Any CPU
		Release|Any CPU = Release|Any CPU
	EndGlobalSection
	GlobalSection(ProjectConfigurationPlatforms) = postSolution
		{0EEDB6D5-B3F5-41B7-A3A1-019BA1AA5E44}.Debug|Any CPU.ActiveCfg = Debug|Any CPU
		{0EEDB6D5-B3F5-41B7-A3A1-019BA1AA5E44}.Debug|Any CPU.Build.0 = Debug|Any CPU
		{0EEDB6D5-B3F5-41B7-A3A1-019BA1AA5E44}.Release|Any CPU.ActiveCfg = Release|Any CPU
		{0EEDB6D5-B3F5-41B7-A3A1-019BA1AA5E44}.Release|Any CPU.Build.0 = Release|Any CPU
	EndGlobalSection
EndGlobal
