Microsoft Visual Studio Solution File, Format Version 12.00
# Visual Studio 15
VisualStudioVersion = 15.0.27004.2009
MinimumVisualStudioVersion = 10.0.40219.1
Project("{FAE04EC0-301F-11D3-BF4B-00C04F79EFBC}") = "Server", "Server\Server.csproj", "{C001B84F-0AD4-4A77-BC50-6376467CFC8C}"
EndProject
Project("{FAE04EC0-301F-11D3-BF4B-00C04F79EFBC}") = "Client", "Client\Client.csproj", "{1BDB29A4-B634-4F30-8AC1-3F4BCCA60CE2}"
EndProject
Project("{FAE04EC0-301F-11D3-BF4B-00C04F79EFBC}") = "Agent", "Agent\Agent.csproj", "{879238D8-F989-46B4-B589-B94DBD9C0E93}"
EndProject
Project("{FAE04EC0-301F-11D3-BF4B-00C04F79EFBC}") = "Launcher", "Launcher\Launcher.csproj", "{69B959EF-17A6-4303-B6B1-C07FDD4C9E08}"
EndProject
Project("{FAE04EC0-301F-11D3-BF4B-00C04F79EFBC}") = "Board", "Board\Board.csproj", "{8B6544C9-4BC0-4F7E-8229-FA86B23C2590}"
EndProject
Project("{FAE04EC0-301F-11D3-BF4B-00C04F79EFBC}") = "BoardTests", "BoardTests\BoardTests.csproj", "{FAF3C5ED-6F65-421B-B47C-9DB1B627D147}"
EndProject
Global
	GlobalSection(SolutionConfigurationPlatforms) = preSolution
		Debug|Any CPU = Debug|Any CPU
		Debug|Mixed Platforms = Debug|Mixed Platforms
		Debug|x64 = Debug|x64
		Debug|x86 = Debug|x86
		Release|Any CPU = Release|Any CPU
		Release|Mixed Platforms = Release|Mixed Platforms
		Release|x64 = Release|x64
		Release|x86 = Release|x86
	EndGlobalSection
	GlobalSection(ProjectConfigurationPlatforms) = postSolution
		{C001B84F-0AD4-4A77-BC50-6376467CFC8C}.Debug|Any CPU.ActiveCfg = Debug|x86
		{C001B84F-0AD4-4A77-BC50-6376467CFC8C}.Debug|Any CPU.Build.0 = Debug|x86
		{C001B84F-0AD4-4A77-BC50-6376467CFC8C}.Debug|Mixed Platforms.ActiveCfg = Debug|x86
		{C001B84F-0AD4-4A77-BC50-6376467CFC8C}.Debug|Mixed Platforms.Build.0 = Debug|x86
		{C001B84F-0AD4-4A77-BC50-6376467CFC8C}.Debug|x64.ActiveCfg = Debug|x86
		{C001B84F-0AD4-4A77-BC50-6376467CFC8C}.Debug|x86.ActiveCfg = Debug|x86
		{C001B84F-0AD4-4A77-BC50-6376467CFC8C}.Debug|x86.Build.0 = Debug|x86
		{C001B84F-0AD4-4A77-BC50-6376467CFC8C}.Release|Any CPU.ActiveCfg = Release|x86
		{C001B84F-0AD4-4A77-BC50-6376467CFC8C}.Release|Mixed Platforms.ActiveCfg = Release|x86
		{C001B84F-0AD4-4A77-BC50-6376467CFC8C}.Release|Mixed Platforms.Build.0 = Release|x86
		{C001B84F-0AD4-4A77-BC50-6376467CFC8C}.Release|x64.ActiveCfg = Release|x86
		{C001B84F-0AD4-4A77-BC50-6376467CFC8C}.Release|x86.ActiveCfg = Release|x86
		{C001B84F-0AD4-4A77-BC50-6376467CFC8C}.Release|x86.Build.0 = Release|x86
		{1BDB29A4-B634-4F30-8AC1-3F4BCCA60CE2}.Debug|Any CPU.ActiveCfg = Debug|x86
		{1BDB29A4-B634-4F30-8AC1-3F4BCCA60CE2}.Debug|Any CPU.Build.0 = Debug|x86
		{1BDB29A4-B634-4F30-8AC1-3F4BCCA60CE2}.Debug|Mixed Platforms.ActiveCfg = Debug|x86
		{1BDB29A4-B634-4F30-8AC1-3F4BCCA60CE2}.Debug|Mixed Platforms.Build.0 = Debug|x86
		{1BDB29A4-B634-4F30-8AC1-3F4BCCA60CE2}.Debug|x64.ActiveCfg = Debug|x86
		{1BDB29A4-B634-4F30-8AC1-3F4BCCA60CE2}.Debug|x64.Build.0 = Debug|x86
		{1BDB29A4-B634-4F30-8AC1-3F4BCCA60CE2}.Debug|x86.ActiveCfg = Debug|x86
		{1BDB29A4-B634-4F30-8AC1-3F4BCCA60CE2}.Debug|x86.Build.0 = Debug|x86
		{1BDB29A4-B634-4F30-8AC1-3F4BCCA60CE2}.Release|Any CPU.ActiveCfg = Release|x86
		{1BDB29A4-B634-4F30-8AC1-3F4BCCA60CE2}.Release|Mixed Platforms.ActiveCfg = Release|x86
		{1BDB29A4-B634-4F30-8AC1-3F4BCCA60CE2}.Release|Mixed Platforms.Build.0 = Release|x86
		{1BDB29A4-B634-4F30-8AC1-3F4BCCA60CE2}.Release|x64.ActiveCfg = Release|x64
		{1BDB29A4-B634-4F30-8AC1-3F4BCCA60CE2}.Release|x64.Build.0 = Release|x64
		{1BDB29A4-B634-4F30-8AC1-3F4BCCA60CE2}.Release|x86.ActiveCfg = Release|x86
		{1BDB29A4-B634-4F30-8AC1-3F4BCCA60CE2}.Release|x86.Build.0 = Release|x86
		{879238D8-F989-46B4-B589-B94DBD9C0E93}.Debug|Any CPU.ActiveCfg = Debug|Any CPU
		{879238D8-F989-46B4-B589-B94DBD9C0E93}.Debug|Any CPU.Build.0 = Debug|Any CPU
		{879238D8-F989-46B4-B589-B94DBD9C0E93}.Debug|Mixed Platforms.ActiveCfg = Debug|Any CPU
		{879238D8-F989-46B4-B589-B94DBD9C0E93}.Debug|Mixed Platforms.Build.0 = Debug|Any CPU
		{879238D8-F989-46B4-B589-B94DBD9C0E93}.Debug|x64.ActiveCfg = Debug|Any CPU
		{879238D8-F989-46B4-B589-B94DBD9C0E93}.Debug|x64.Build.0 = Debug|Any CPU
		{879238D8-F989-46B4-B589-B94DBD9C0E93}.Debug|x86.ActiveCfg = Debug|Any CPU
		{879238D8-F989-46B4-B589-B94DBD9C0E93}.Release|Any CPU.ActiveCfg = Release|Any CPU
		{879238D8-F989-46B4-B589-B94DBD9C0E93}.Release|Any CPU.Build.0 = Release|Any CPU
		{879238D8-F989-46B4-B589-B94DBD9C0E93}.Release|Mixed Platforms.ActiveCfg = Release|Any CPU
		{879238D8-F989-46B4-B589-B94DBD9C0E93}.Release|Mixed Platforms.Build.0 = Release|Any CPU
		{879238D8-F989-46B4-B589-B94DBD9C0E93}.Release|x64.ActiveCfg = Release|Any CPU
		{879238D8-F989-46B4-B589-B94DBD9C0E93}.Release|x64.Build.0 = Release|Any CPU
		{879238D8-F989-46B4-B589-B94DBD9C0E93}.Release|x86.ActiveCfg = Release|Any CPU
		{69B959EF-17A6-4303-B6B1-C07FDD4C9E08}.Debug|Any CPU.ActiveCfg = Debug|Any CPU
		{69B959EF-17A6-4303-B6B1-C07FDD4C9E08}.Debug|Any CPU.Build.0 = Debug|Any CPU
		{69B959EF-17A6-4303-B6B1-C07FDD4C9E08}.Debug|Mixed Platforms.ActiveCfg = Debug|Any CPU
		{69B959EF-17A6-4303-B6B1-C07FDD4C9E08}.Debug|Mixed Platforms.Build.0 = Debug|Any CPU
		{69B959EF-17A6-4303-B6B1-C07FDD4C9E08}.Debug|x64.ActiveCfg = Debug|Any CPU
		{69B959EF-17A6-4303-B6B1-C07FDD4C9E08}.Debug|x86.ActiveCfg = Debug|Any CPU
		{69B959EF-17A6-4303-B6B1-C07FDD4C9E08}.Debug|x86.Build.0 = Debug|Any CPU
		{69B959EF-17A6-4303-B6B1-C07FDD4C9E08}.Release|Any CPU.ActiveCfg = Release|Any CPU
		{69B959EF-17A6-4303-B6B1-C07FDD4C9E08}.Release|Any CPU.Build.0 = Release|Any CPU
		{69B959EF-17A6-4303-B6B1-C07FDD4C9E08}.Release|Mixed Platforms.ActiveCfg = Release|Any CPU
		{69B959EF-17A6-4303-B6B1-C07FDD4C9E08}.Release|Mixed Platforms.Build.0 = Release|Any CPU
		{69B959EF-17A6-4303-B6B1-C07FDD4C9E08}.Release|x64.ActiveCfg = Release|Any CPU
		{69B959EF-17A6-4303-B6B1-C07FDD4C9E08}.Release|x64.Build.0 = Release|Any CPU
		{69B959EF-17A6-4303-B6B1-C07FDD4C9E08}.Release|x86.ActiveCfg = Release|Any CPU
		{69B959EF-17A6-4303-B6B1-C07FDD4C9E08}.Release|x86.Build.0 = Release|Any CPU
		{8B6544C9-4BC0-4F7E-8229-FA86B23C2590}.Debug|Any CPU.ActiveCfg = Debug|Any CPU
		{8B6544C9-4BC0-4F7E-8229-FA86B23C2590}.Debug|Any CPU.Build.0 = Debug|Any CPU
		{8B6544C9-4BC0-4F7E-8229-FA86B23C2590}.Debug|Mixed Platforms.ActiveCfg = Debug|Any CPU
		{8B6544C9-4BC0-4F7E-8229-FA86B23C2590}.Debug|Mixed Platforms.Build.0 = Debug|Any CPU
		{8B6544C9-4BC0-4F7E-8229-FA86B23C2590}.Debug|x64.ActiveCfg = Debug|Any CPU
		{8B6544C9-4BC0-4F7E-8229-FA86B23C2590}.Debug|x86.ActiveCfg = Debug|Any CPU
		{8B6544C9-4BC0-4F7E-8229-FA86B23C2590}.Debug|x86.Build.0 = Debug|Any CPU
		{8B6544C9-4BC0-4F7E-8229-FA86B23C2590}.Release|Any CPU.ActiveCfg = Release|Any CPU
		{8B6544C9-4BC0-4F7E-8229-FA86B23C2590}.Release|Any CPU.Build.0 = Release|Any CPU
		{8B6544C9-4BC0-4F7E-8229-FA86B23C2590}.Release|Mixed Platforms.ActiveCfg = Release|Any CPU
		{8B6544C9-4BC0-4F7E-8229-FA86B23C2590}.Release|Mixed Platforms.Build.0 = Release|Any CPU
		{8B6544C9-4BC0-4F7E-8229-FA86B23C2590}.Release|x64.ActiveCfg = Release|Any CPU
		{8B6544C9-4BC0-4F7E-8229-FA86B23C2590}.Release|x64.Build.0 = Release|Any CPU
		{8B6544C9-4BC0-4F7E-8229-FA86B23C2590}.Release|x86.ActiveCfg = Release|Any CPU
		{8B6544C9-4BC0-4F7E-8229-FA86B23C2590}.Release|x86.Build.0 = Release|Any CPU
		{FAF3C5ED-6F65-421B-B47C-9DB1B627D147}.Debug|Any CPU.ActiveCfg = Debug|Any CPU
		{FAF3C5ED-6F65-421B-B47C-9DB1B627D147}.Debug|Any CPU.Build.0 = Debug|Any CPU
		{FAF3C5ED-6F65-421B-B47C-9DB1B627D147}.Debug|Mixed Platforms.ActiveCfg = Debug|Any CPU
		{FAF3C5ED-6F65-421B-B47C-9DB1B627D147}.Debug|Mixed Platforms.Build.0 = Debug|Any CPU
		{FAF3C5ED-6F65-421B-B47C-9DB1B627D147}.Debug|x64.ActiveCfg = Debug|Any CPU
		{FAF3C5ED-6F65-421B-B47C-9DB1B627D147}.Debug|x64.Build.0 = Debug|Any CPU
		{FAF3C5ED-6F65-421B-B47C-9DB1B627D147}.Debug|x86.ActiveCfg = Debug|Any CPU
		{FAF3C5ED-6F65-421B-B47C-9DB1B627D147}.Debug|x86.Build.0 = Debug|Any CPU
		{FAF3C5ED-6F65-421B-B47C-9DB1B627D147}.Release|Any CPU.ActiveCfg = Release|Any CPU
		{FAF3C5ED-6F65-421B-B47C-9DB1B627D147}.Release|Any CPU.Build.0 = Release|Any CPU
		{FAF3C5ED-6F65-421B-B47C-9DB1B627D147}.Release|Mixed Platforms.ActiveCfg = Release|Any CPU
		{FAF3C5ED-6F65-421B-B47C-9DB1B627D147}.Release|Mixed Platforms.Build.0 = Release|Any CPU
		{FAF3C5ED-6F65-421B-B47C-9DB1B627D147}.Release|x64.ActiveCfg = Release|Any CPU
		{FAF3C5ED-6F65-421B-B47C-9DB1B627D147}.Release|x64.Build.0 = Release|Any CPU
		{FAF3C5ED-6F65-421B-B47C-9DB1B627D147}.Release|x86.ActiveCfg = Release|Any CPU
		{FAF3C5ED-6F65-421B-B47C-9DB1B627D147}.Release|x86.Build.0 = Release|Any CPU
	EndGlobalSection
	GlobalSection(SolutionProperties) = preSolution
		HideSolutionNode = FALSE
	EndGlobalSection
	GlobalSection(ExtensibilityGlobals) = postSolution
		SolutionGuid = {E6924846-DBD0-4F48-9614-E063B148902C}
	EndGlobalSection
EndGlobal
