
Microsoft Visual Studio Solution File, Format Version 12.00
# Visual Studio 2012
Project("{FAE04EC0-301F-11D3-BF4B-00C04F79EFBC}") = "test3PrepXan", "test3PrepXan\test3PrepXan.csproj", "{B00CBA01-FE8A-4686-A00E-877ED31865AF}"
EndProject
Global
	GlobalSection(SolutionConfigurationPlatforms) = preSolution
		Debug|Any CPU = Debug|Any CPU
		Release|Any CPU = Release|Any CPU
	EndGlobalSection
	GlobalSection(ProjectConfigurationPlatforms) = postSolution
		{B00CBA01-FE8A-4686-A00E-877ED31865AF}.Debug|Any CPU.ActiveCfg = Debug|Any CPU
		{B00CBA01-FE8A-4686-A00E-877ED31865AF}.Debug|Any CPU.Build.0 = Debug|Any CPU
		{B00CBA01-FE8A-4686-A00E-877ED31865AF}.Release|Any CPU.ActiveCfg = Release|Any CPU
		{B00CBA01-FE8A-4686-A00E-877ED31865AF}.Release|Any CPU.Build.0 = Release|Any CPU
	EndGlobalSection
EndGlobal
